<?xml version="1.0" encoding="utf-8"?>
<Project ToolsVersion="4.0" xmlns="http://schemas.microsoft.com/developer/msbuild/2003">
  <ItemGroup>
    <Filter Include="Code">
      <UniqueIdentifier>{54bfc860-2501-40d7-8fd9-6a448e9cfadf}</UniqueIdentifier>
    </Filter>
    <Filter Include="Manifest">
      <UniqueIdentifier>{c1368ea8-8abf-4482-bdc2-56d05435e40c}</UniqueIdentifier>
    </Filter>
  </ItemGroup>
  <ItemGroup>
    <None Include="..\Code\generate_code.bat">
      <Filter>Code</Filter>
    </None>
    <None Include="..\Code\generate_manifests.bat">
      <Filter>Code</Filter>
    </None>
    <None Include="..\Code\implementation.js">
      <Filter>Code</Filter>
    </None>
    <None Include="..\Code\package_to_zip.bat">
      <Filter>Code</Filter>
    </None>
    <None Include="..\Manifest\browser_specifics_firefox.json_fragment">
      <Filter>Manifest</Filter>
    </None>
    <None Include="..\Manifest\browser_specifics_safari.json_fragment">
      <Filter>Manifest</Filter>
    </None>
    <None Include="..\Manifest\description.json_fragment">
      <Filter>Manifest</Filter>
    </None>
    <None Include="..\Manifest\manifest_bulk.json_fragment">
      <Filter>Manifest</Filter>
    </None>
    <None Include="..\Manifest\manifest_prefix.json_fragment">
      <Filter>Manifest</Filter>
    </None>
    <None Include="..\Manifest\manifest_suffix.json_fragment">
      <Filter>Manifest</Filter>
    </None>
    <None Include="..\Manifest\manifest_version_2.json_fragment">
      <Filter>Manifest</Filter>
    </None>
    <None Include="..\Manifest\manifest_version_3.json_fragment">
      <Filter>Manifest</Filter>
    </None>
    <None Include="..\Manifest\version.json_fragment">
      <Filter>Manifest</Filter>
    </None>
  </ItemGroup>
</Project>